
Microsoft Visual Studio Solution File, Format Version 12.00
# Visual Studio 15
VisualStudioVersion = 15.0.27004.2002
MinimumVisualStudioVersion = 10.0.40219.1
Project("{FAE04EC0-301F-11D3-BF4B-00C04F79EFBC}") = "Washery", "Washery\Washery.csproj", "{9C362128-5B21-4669-BF3F-F0AFDB2E3AC7}"
EndProject
Global
	GlobalSection(SolutionConfigurationPlatforms) = preSolution
		Debug|Any CPU = Debug|Any CPU
		Release|Any CPU = Release|Any CPU
	EndGlobalSection
	GlobalSection(ProjectConfigurationPlatforms) = postSolution
		{9C362128-5B21-4669-BF3F-F0AFDB2E3AC7}.Debug|Any CPU.ActiveCfg = Debug|Any CPU
		{9C362128-5B21-4669-BF3F-F0AFDB2E3AC7}.Debug|Any CPU.Build.0 = Debug|Any CPU
		{9C362128-5B21-4669-BF3F-F0AFDB2E3AC7}.Release|Any CPU.ActiveCfg = Release|Any CPU
		{9C362128-5B21-4669-BF3F-F0AFDB2E3AC7}.Release|Any CPU.Build.0 = Release|Any CPU
	EndGlobalSection
	GlobalSection(SolutionProperties) = preSolution
		HideSolutionNode = FALSE
	EndGlobalSection
	GlobalSection(ExtensibilityGlobals) = postSolution
		SolutionGuid = {D32ACC2B-8B08-4F8D-8B59-78BE299C2F23}
	EndGlobalSection
EndGlobal
